
Microsoft Visual Studio Solution File, Format Version 12.00
# Visual Studio Version 17
VisualStudioVersion = 17.2.32616.157
MinimumVisualStudioVersion = 10.0.40219.1
Project("{FAE04EC0-301F-11D3-BF4B-00C04F79EFBC}") = "ComplexNoOverloading", "ComplexNoOverloading\ComplexNoOverloading.csproj", "{490B2E3A-A568-47D7-B7B7-5066A3BD901C}"
EndProject
Global
	GlobalSection(SolutionConfigurationPlatforms) = preSolution
		Debug|Any CPU = Debug|Any CPU
		Release|Any CPU = Release|Any CPU
	EndGlobalSection
	GlobalSection(ProjectConfigurationPlatforms) = postSolution
		{490B2E3A-A568-47D7-B7B7-5066A3BD901C}.Debug|Any CPU.ActiveCfg = Debug|Any CPU
		{490B2E3A-A568-47D7-B7B7-5066A3BD901C}.Debug|Any CPU.Build.0 = Debug|Any CPU
		{490B2E3A-A568-47D7-B7B7-5066A3BD901C}.Release|Any CPU.ActiveCfg = Release|Any CPU
		{490B2E3A-A568-47D7-B7B7-5066A3BD901C}.Release|Any CPU.Build.0 = Release|Any CPU
	EndGlobalSection
	GlobalSection(SolutionProperties) = preSolution
		HideSolutionNode = FALSE
	EndGlobalSection
	GlobalSection(ExtensibilityGlobals) = postSolution
		SolutionGuid = {7BB9A773-6A30-47B7-901F-34C0E254B9EF}
	EndGlobalSection
EndGlobal
