
Microsoft Visual Studio Solution File, Format Version 12.00
# Visual Studio Version 17
VisualStudioVersion = 17.2.32616.157
MinimumVisualStudioVersion = 10.0.40219.1
Project("{FAE04EC0-301F-11D3-BF4B-00C04F79EFBC}") = "Exceptions", "Exceptions\Exceptions.csproj", "{7DA2E84A-BE20-46EC-AD8A-B195D1393723}"
EndProject
Global
	GlobalSection(SolutionConfigurationPlatforms) = preSolution
		Debug|Any CPU = Debug|Any CPU
		Release|Any CPU = Release|Any CPU
	EndGlobalSection
	GlobalSection(ProjectConfigurationPlatforms) = postSolution
		{7DA2E84A-BE20-46EC-AD8A-B195D1393723}.Debug|Any CPU.ActiveCfg = Debug|Any CPU
		{7DA2E84A-BE20-46EC-AD8A-B195D1393723}.Debug|Any CPU.Build.0 = Debug|Any CPU
		{7DA2E84A-BE20-46EC-AD8A-B195D1393723}.Release|Any CPU.ActiveCfg = Release|Any CPU
		{7DA2E84A-BE20-46EC-AD8A-B195D1393723}.Release|Any CPU.Build.0 = Release|Any CPU
	EndGlobalSection
	GlobalSection(SolutionProperties) = preSolution
		HideSolutionNode = FALSE
	EndGlobalSection
	GlobalSection(ExtensibilityGlobals) = postSolution
		SolutionGuid = {E626DE09-68DF-4B55-B02E-44402991A6F9}
	EndGlobalSection
EndGlobal
