
Microsoft Visual Studio Solution File, Format Version 12.00
# Visual Studio Version 17
VisualStudioVersion = 17.2.32616.157
MinimumVisualStudioVersion = 10.0.40219.1
Project("{FAE04EC0-301F-11D3-BF4B-00C04F79EFBC}") = "forBreak", "forBreak\forBreak.csproj", "{2C190717-7403-4F42-86C9-136921532418}"
EndProject
Global
	GlobalSection(SolutionConfigurationPlatforms) = preSolution
		Debug|Any CPU = Debug|Any CPU
		Release|Any CPU = Release|Any CPU
	EndGlobalSection
	GlobalSection(ProjectConfigurationPlatforms) = postSolution
		{2C190717-7403-4F42-86C9-136921532418}.Debug|Any CPU.ActiveCfg = Debug|Any CPU
		{2C190717-7403-4F42-86C9-136921532418}.Debug|Any CPU.Build.0 = Debug|Any CPU
		{2C190717-7403-4F42-86C9-136921532418}.Release|Any CPU.ActiveCfg = Release|Any CPU
		{2C190717-7403-4F42-86C9-136921532418}.Release|Any CPU.Build.0 = Release|Any CPU
	EndGlobalSection
	GlobalSection(SolutionProperties) = preSolution
		HideSolutionNode = FALSE
	EndGlobalSection
	GlobalSection(ExtensibilityGlobals) = postSolution
		SolutionGuid = {4B5F729C-FB2F-4411-AD2D-9376DA3C568C}
	EndGlobalSection
EndGlobal
