
Microsoft Visual Studio Solution File, Format Version 12.00
# Visual Studio Version 17
VisualStudioVersion = 17.2.32616.157
MinimumVisualStudioVersion = 10.0.40219.1
Project("{FAE04EC0-301F-11D3-BF4B-00C04F79EFBC}") = "Interface", "Interface\Interface.csproj", "{19C41774-5D99-4CB2-A1E4-3810FACB247B}"
EndProject
Global
	GlobalSection(SolutionConfigurationPlatforms) = preSolution
		Debug|Any CPU = Debug|Any CPU
		Release|Any CPU = Release|Any CPU
	EndGlobalSection
	GlobalSection(ProjectConfigurationPlatforms) = postSolution
		{19C41774-5D99-4CB2-A1E4-3810FACB247B}.Debug|Any CPU.ActiveCfg = Debug|Any CPU
		{19C41774-5D99-4CB2-A1E4-3810FACB247B}.Debug|Any CPU.Build.0 = Debug|Any CPU
		{19C41774-5D99-4CB2-A1E4-3810FACB247B}.Release|Any CPU.ActiveCfg = Release|Any CPU
		{19C41774-5D99-4CB2-A1E4-3810FACB247B}.Release|Any CPU.Build.0 = Release|Any CPU
	EndGlobalSection
	GlobalSection(SolutionProperties) = preSolution
		HideSolutionNode = FALSE
	EndGlobalSection
	GlobalSection(ExtensibilityGlobals) = postSolution
		SolutionGuid = {67256B5B-6B85-4440-95A5-1191505BFC75}
	EndGlobalSection
EndGlobal
